
Microsoft Visual Studio Solution File, Format Version 12.00
# Visual Studio Version 16
VisualStudioVersion = 16.0.33927.289
MinimumVisualStudioVersion = 10.0.40219.1
Project("{2150E333-8FDC-42A3-9474-1A3956D46DE8}") = "Task0", "Task0", "{4EF5D1F6-7F30-4C96-BD58-6A96C4046D09}"
EndProject
Project("{FAE04EC0-301F-11D3-BF4B-00C04F79EFBC}") = "Tyuiu.HodakovaNA.Sprint1.Task0.V17", "Tyuiu.HodakovaNA.Sprint1.Task0.V17\Tyuiu.HodakovaNA.Sprint1.Task0.V17.csproj", "{6342CA2F-9205-4DB5-908A-4396EF62B7AF}"
EndProject
Project("{FAE04EC0-301F-11D3-BF4B-00C04F79EFBC}") = "Tyuiu.HodakovaNA.Sprint1.Task0.V17.Lib", "Tyuiu.HodakovaNA.Sprint1.Task0.V17.Lib\Tyuiu.HodakovaNA.Sprint1.Task0.V17.Lib.csproj", "{37490EAF-B614-4ED8-9762-00B22A2A7ACE}"
EndProject
Project("{FAE04EC0-301F-11D3-BF4B-00C04F79EFBC}") = "Tyuiu.HodakovaNA.Sprint1.Task0.V17.Test", "Tyuiu.HodakovaNA.Sprint1.Task0.V17.Test\Tyuiu.HodakovaNA.Sprint1.Task0.V17.Test.csproj", "{7783BC48-5E17-4D0A-A033-380E212C855F}"
EndProject
Project("{2150E333-8FDC-42A3-9474-1A3956D46DE8}") = "Task1", "Task1", "{2D47556B-A9FD-4400-9FE7-38EAE032FE64}"
EndProject
Project("{FAE04EC0-301F-11D3-BF4B-00C04F79EFBC}") = "Tyuiu.HodakovaNA.Sprint1.Task1.V3", "Tyuiu.HodakovaNA.Sprint1.Task1.V3\Tyuiu.HodakovaNA.Sprint1.Task1.V3.csproj", "{9570B37C-2C35-480A-97C8-D801F4431747}"
EndProject
Project("{FAE04EC0-301F-11D3-BF4B-00C04F79EFBC}") = "Tyuiu.HodakovaNA.Sprint1.Task1.V3.Lib", "Tyuiu.HodakovaNA.Sprint1.Task1.V3.Lib\Tyuiu.HodakovaNA.Sprint1.Task1.V3.Lib.csproj", "{830C6A10-699B-4C2C-85AF-38FF60A88E5B}"
EndProject
Project("{FAE04EC0-301F-11D3-BF4B-00C04F79EFBC}") = "Tyuiu.HodakovaNA.Sprint1.Task1.V3.Test", "Tyuiu.HodakovaNA.Sprint1.Task1.V3.Test\Tyuiu.HodakovaNA.Sprint1.Task1.V3.Test.csproj", "{641FD0E3-24D2-49E6-9BFE-08EB393111F2}"
EndProject
Project("{2150E333-8FDC-42A3-9474-1A3956D46DE8}") = "Task2", "Task2", "{3DFE612E-82F6-4A4D-B3A3-B3E0EAC2E7DC}"
EndProject
Project("{FAE04EC0-301F-11D3-BF4B-00C04F79EFBC}") = "Tyuiu.HodakovaNA.Sprint1.Task2.V13", "Tyuiu.HodakovaNA.Sprint1.Task2.V13\Tyuiu.HodakovaNA.Sprint1.Task2.V13.csproj", "{9999E05B-22E4-4BA1-8690-E9EA3DB66624}"
EndProject
Project("{FAE04EC0-301F-11D3-BF4B-00C04F79EFBC}") = "Tyuiu.HodakovaNA.Sprint1.Task2.V13.Test", "Tyuiu.HodakovaNA.Sprint1.Task2.V13.Test\Tyuiu.HodakovaNA.Sprint1.Task2.V13.Test.csproj", "{D68B8028-D09F-40F1-9483-B6BEE49D85AD}"
EndProject
Project("{FAE04EC0-301F-11D3-BF4B-00C04F79EFBC}") = "Tyuiu.HodakovaNA.Sprint1.Task2.V13.Lib", "Tyuiu.HodakovaNA.Sprint1.Task2.V13.Lib\Tyuiu.HodakovaNA.Sprint1.Task2.V13.Lib.csproj", "{8B604443-E026-4FD7-8843-23DFF04E7CD9}"
EndProject
Global
	GlobalSection(SolutionConfigurationPlatforms) = preSolution
		Debug|Any CPU = Debug|Any CPU
		Release|Any CPU = Release|Any CPU
	EndGlobalSection
	GlobalSection(ProjectConfigurationPlatforms) = postSolution
		{6342CA2F-9205-4DB5-908A-4396EF62B7AF}.Debug|Any CPU.ActiveCfg = Debug|Any CPU
		{6342CA2F-9205-4DB5-908A-4396EF62B7AF}.Debug|Any CPU.Build.0 = Debug|Any CPU
		{6342CA2F-9205-4DB5-908A-4396EF62B7AF}.Release|Any CPU.ActiveCfg = Release|Any CPU
		{6342CA2F-9205-4DB5-908A-4396EF62B7AF}.Release|Any CPU.Build.0 = Release|Any CPU
		{37490EAF-B614-4ED8-9762-00B22A2A7ACE}.Debug|Any CPU.ActiveCfg = Debug|Any CPU
		{37490EAF-B614-4ED8-9762-00B22A2A7ACE}.Debug|Any CPU.Build.0 = Debug|Any CPU
		{37490EAF-B614-4ED8-9762-00B22A2A7ACE}.Release|Any CPU.ActiveCfg = Release|Any CPU
		{37490EAF-B614-4ED8-9762-00B22A2A7ACE}.Release|Any CPU.Build.0 = Release|Any CPU
		{7783BC48-5E17-4D0A-A033-380E212C855F}.Debug|Any CPU.ActiveCfg = Debug|Any CPU
		{7783BC48-5E17-4D0A-A033-380E212C855F}.Debug|Any CPU.Build.0 = Debug|Any CPU
		{7783BC48-5E17-4D0A-A033-380E212C855F}.Release|Any CPU.ActiveCfg = Release|Any CPU
		{7783BC48-5E17-4D0A-A033-380E212C855F}.Release|Any CPU.Build.0 = Release|Any CPU
		{9570B37C-2C35-480A-97C8-D801F4431747}.Debug|Any CPU.ActiveCfg = Debug|Any CPU
		{9570B37C-2C35-480A-97C8-D801F4431747}.Debug|Any CPU.Build.0 = Debug|Any CPU
		{9570B37C-2C35-480A-97C8-D801F4431747}.Release|Any CPU.ActiveCfg = Release|Any CPU
		{9570B37C-2C35-480A-97C8-D801F4431747}.Release|Any CPU.Build.0 = Release|Any CPU
		{830C6A10-699B-4C2C-85AF-38FF60A88E5B}.Debug|Any CPU.ActiveCfg = Debug|Any CPU
		{830C6A10-699B-4C2C-85AF-38FF60A88E5B}.Debug|Any CPU.Build.0 = Debug|Any CPU
		{830C6A10-699B-4C2C-85AF-38FF60A88E5B}.Release|Any CPU.ActiveCfg = Release|Any CPU
		{830C6A10-699B-4C2C-85AF-38FF60A88E5B}.Release|Any CPU.Build.0 = Release|Any CPU
		{641FD0E3-24D2-49E6-9BFE-08EB393111F2}.Debug|Any CPU.ActiveCfg = Debug|Any CPU
		{641FD0E3-24D2-49E6-9BFE-08EB393111F2}.Debug|Any CPU.Build.0 = Debug|Any CPU
		{641FD0E3-24D2-49E6-9BFE-08EB393111F2}.Release|Any CPU.ActiveCfg = Release|Any CPU
		{641FD0E3-24D2-49E6-9BFE-08EB393111F2}.Release|Any CPU.Build.0 = Release|Any CPU
		{9999E05B-22E4-4BA1-8690-E9EA3DB66624}.Debug|Any CPU.ActiveCfg = Debug|Any CPU
		{9999E05B-22E4-4BA1-8690-E9EA3DB66624}.Debug|Any CPU.Build.0 = Debug|Any CPU
		{9999E05B-22E4-4BA1-8690-E9EA3DB66624}.Release|Any CPU.ActiveCfg = Release|Any CPU
		{9999E05B-22E4-4BA1-8690-E9EA3DB66624}.Release|Any CPU.Build.0 = Release|Any CPU
		{D68B8028-D09F-40F1-9483-B6BEE49D85AD}.Debug|Any CPU.ActiveCfg = Debug|Any CPU
		{D68B8028-D09F-40F1-9483-B6BEE49D85AD}.Debug|Any CPU.Build.0 = Debug|Any CPU
		{D68B8028-D09F-40F1-9483-B6BEE49D85AD}.Release|Any CPU.ActiveCfg = Release|Any CPU
		{D68B8028-D09F-40F1-9483-B6BEE49D85AD}.Release|Any CPU.Build.0 = Release|Any CPU
		{8B604443-E026-4FD7-8843-23DFF04E7CD9}.Debug|Any CPU.ActiveCfg = Debug|Any CPU
		{8B604443-E026-4FD7-8843-23DFF04E7CD9}.Debug|Any CPU.Build.0 = Debug|Any CPU
		{8B604443-E026-4FD7-8843-23DFF04E7CD9}.Release|Any CPU.ActiveCfg = Release|Any CPU
		{8B604443-E026-4FD7-8843-23DFF04E7CD9}.Release|Any CPU.Build.0 = Release|Any CPU
	EndGlobalSection
	GlobalSection(SolutionProperties) = preSolution
		HideSolutionNode = FALSE
	EndGlobalSection
	GlobalSection(NestedProjects) = preSolution
		{6342CA2F-9205-4DB5-908A-4396EF62B7AF} = {4EF5D1F6-7F30-4C96-BD58-6A96C4046D09}
		{37490EAF-B614-4ED8-9762-00B22A2A7ACE} = {4EF5D1F6-7F30-4C96-BD58-6A96C4046D09}
		{7783BC48-5E17-4D0A-A033-380E212C855F} = {4EF5D1F6-7F30-4C96-BD58-6A96C4046D09}
		{9570B37C-2C35-480A-97C8-D801F4431747} = {2D47556B-A9FD-4400-9FE7-38EAE032FE64}
		{830C6A10-699B-4C2C-85AF-38FF60A88E5B} = {2D47556B-A9FD-4400-9FE7-38EAE032FE64}
		{641FD0E3-24D2-49E6-9BFE-08EB393111F2} = {2D47556B-A9FD-4400-9FE7-38EAE032FE64}
		{9999E05B-22E4-4BA1-8690-E9EA3DB66624} = {3DFE612E-82F6-4A4D-B3A3-B3E0EAC2E7DC}
		{D68B8028-D09F-40F1-9483-B6BEE49D85AD} = {3DFE612E-82F6-4A4D-B3A3-B3E0EAC2E7DC}
		{8B604443-E026-4FD7-8843-23DFF04E7CD9} = {3DFE612E-82F6-4A4D-B3A3-B3E0EAC2E7DC}
	EndGlobalSection
	GlobalSection(ExtensibilityGlobals) = postSolution
		SolutionGuid = {657ABA8B-DEE2-4854-8639-E040F4ED0CA0}
	EndGlobalSection
EndGlobal
