
Microsoft Visual Studio Solution File, Format Version 12.00
# Visual Studio Version 16
VisualStudioVersion = 16.0.33927.289
MinimumVisualStudioVersion = 10.0.40219.1
Project("{2150E333-8FDC-42A3-9474-1A3956D46DE8}") = "Task0", "Task0", "{4EF5D1F6-7F30-4C96-BD58-6A96C4046D09}"
EndProject
Project("{FAE04EC0-301F-11D3-BF4B-00C04F79EFBC}") = "Tyuiu.HodakovaNA.Sprint1.Task0.V17", "Tyuiu.HodakovaNA.Sprint1.Task0.V17\Tyuiu.HodakovaNA.Sprint1.Task0.V17.csproj", "{6342CA2F-9205-4DB5-908A-4396EF62B7AF}"
EndProject
Project("{FAE04EC0-301F-11D3-BF4B-00C04F79EFBC}") = "Tyuiu.HodakovaNA.Sprint1.Task0.V17.Lib", "Tyuiu.HodakovaNA.Sprint1.Task0.V17.Lib\Tyuiu.HodakovaNA.Sprint1.Task0.V17.Lib.csproj", "{37490EAF-B614-4ED8-9762-00B22A2A7ACE}"
EndProject
Project("{FAE04EC0-301F-11D3-BF4B-00C04F79EFBC}") = "Tyuiu.HodakovaNA.Sprint1.Task0.V17.Test", "Tyuiu.HodakovaNA.Sprint1.Task0.V17.Test\Tyuiu.HodakovaNA.Sprint1.Task0.V17.Test.csproj", "{7783BC48-5E17-4D0A-A033-380E212C855F}"
EndProject
Project("{2150E333-8FDC-42A3-9474-1A3956D46DE8}") = "Task1", "Task1", "{2D47556B-A9FD-4400-9FE7-38EAE032FE64}"
EndProject
Project("{FAE04EC0-301F-11D3-BF4B-00C04F79EFBC}") = "Tyuiu.HodakovaNA.Sprint1.Task1.V3", "Tyuiu.HodakovaNA.Sprint1.Task1.V3\Tyuiu.HodakovaNA.Sprint1.Task1.V3.csproj", "{9570B37C-2C35-480A-97C8-D801F4431747}"
EndProject
Project("{FAE04EC0-301F-11D3-BF4B-00C04F79EFBC}") = "Tyuiu.HodakovaNA.Sprint1.Task1.V3.Lib", "Tyuiu.HodakovaNA.Sprint1.Task1.V3.Lib\Tyuiu.HodakovaNA.Sprint1.Task1.V3.Lib.csproj", "{830C6A10-699B-4C2C-85AF-38FF60A88E5B}"
EndProject
Project("{FAE04EC0-301F-11D3-BF4B-00C04F79EFBC}") = "Tyuiu.HodakovaNA.Sprint1.Task1.V3.Test", "Tyuiu.HodakovaNA.Sprint1.Task1.V3.Test\Tyuiu.HodakovaNA.Sprint1.Task1.V3.Test.csproj", "{641FD0E3-24D2-49E6-9BFE-08EB393111F2}"
EndProject
Project("{2150E333-8FDC-42A3-9474-1A3956D46DE8}") = "Task2", "Task2", "{3DFE612E-82F6-4A4D-B3A3-B3E0EAC2E7DC}"
EndProject
Project("{FAE04EC0-301F-11D3-BF4B-00C04F79EFBC}") = "Tyuiu.HodakovaNA.Sprint1.Task2.V13", "Tyuiu.HodakovaNA.Sprint1.Task2.V13\Tyuiu.HodakovaNA.Sprint1.Task2.V13.csproj", "{9999E05B-22E4-4BA1-8690-E9EA3DB66624}"
EndProject
Project("{FAE04EC0-301F-11D3-BF4B-00C04F79EFBC}") = "Tyuiu.HodakovaNA.Sprint1.Task2.V13.Test", "Tyuiu.HodakovaNA.Sprint1.Task2.V13.Test\Tyuiu.HodakovaNA.Sprint1.Task2.V13.Test.csproj", "{D68B8028-D09F-40F1-9483-B6BEE49D85AD}"
EndProject
Project("{FAE04EC0-301F-11D3-BF4B-00C04F79EFBC}") = "Tyuiu.HodakovaNA.Sprint1.Task2.V13.Lib", "Tyuiu.HodakovaNA.Sprint1.Task2.V13.Lib\Tyuiu.HodakovaNA.Sprint1.Task2.V13.Lib.csproj", "{8B604443-E026-4FD7-8843-23DFF04E7CD9}"
EndProject
Project("{2150E333-8FDC-42A3-9474-1A3956D46DE8}") = "Task3", "Task3", "{9A1327E7-6EA4-4DC5-A9AE-A911C6DC78DD}"
EndProject
Project("{FAE04EC0-301F-11D3-BF4B-00C04F79EFBC}") = "Tyuiu.HodakovaNA.Sprint1.Task3.V2", "Tyuiu.HodakovaNA.Sprint1.Task3.V2\Tyuiu.HodakovaNA.Sprint1.Task3.V2.csproj", "{834C39BC-E931-40F5-9A2C-6C58FEC44C26}"
EndProject
Project("{FAE04EC0-301F-11D3-BF4B-00C04F79EFBC}") = "Tyuiu.HodakovaNA.Sprint1.Task3.V2.Lib", "Tyuiu.HodakovaNA.Sprint1.Task3.V2.Lib\Tyuiu.HodakovaNA.Sprint1.Task3.V2.Lib.csproj", "{3959D78E-99BA-493F-9CED-DD7F8F8AAD7B}"
EndProject
Project("{FAE04EC0-301F-11D3-BF4B-00C04F79EFBC}") = "Tyuiu.HodakovaNA.Sprint1.Task3.V2.Test", "Tyuiu.HodakovaNA.Sprint1.Task3.V2.Test\Tyuiu.HodakovaNA.Sprint1.Task3.V2.Test.csproj", "{E4001C87-207F-4225-9E93-9780E7F434CE}"
EndProject
Project("{2150E333-8FDC-42A3-9474-1A3956D46DE8}") = "Task4", "Task4", "{5D12A3E3-88FB-4576-B4A4-945C773651A7}"
EndProject
Project("{FAE04EC0-301F-11D3-BF4B-00C04F79EFBC}") = "Tyuiu.HodakovaNA.Sprint1.Task4.V25", "Tyuiu.HodakovaNA.Sprint1.Task4.V25\Tyuiu.HodakovaNA.Sprint1.Task4.V25.csproj", "{1068D665-DA75-4563-876B-54A57FAC80F6}"
EndProject
Project("{FAE04EC0-301F-11D3-BF4B-00C04F79EFBC}") = "Tyuiu.HodakovaNA.Sprint1.Task4.V25.Test", "Tyuiu.HodakovaNA.Sprint1.Task4.V25.Test\Tyuiu.HodakovaNA.Sprint1.Task4.V25.Test.csproj", "{B9E7DF95-FDB2-46E0-ACEA-3BCE11DD51FC}"
EndProject
Project("{FAE04EC0-301F-11D3-BF4B-00C04F79EFBC}") = "Tyuiu.HodakovaNA.Sprint1.Task4.V25.Lib", "Tyuiu.HodakovaNA.Sprint1.Task4.V25.Lib\Tyuiu.HodakovaNA.Sprint1.Task4.V25.Lib.csproj", "{DA4EAA92-FEEA-4B72-922F-4379F83EB426}"
EndProject
Project("{2150E333-8FDC-42A3-9474-1A3956D46DE8}") = "Task5", "Task5", "{12ADF1B0-385E-493E-8209-155F1132F409}"
EndProject
Project("{FAE04EC0-301F-11D3-BF4B-00C04F79EFBC}") = "Tyuiu.HodakovaNA.Sprint1.Task5.V5", "Tyuiu.HodakovaNA.Sprint1.Task5.V5\Tyuiu.HodakovaNA.Sprint1.Task5.V5.csproj", "{2B7E0F79-9556-4505-AF99-D72F26C49D9D}"
EndProject
Project("{FAE04EC0-301F-11D3-BF4B-00C04F79EFBC}") = "Tyuiu.HodakovaNA.Sprint1.Task5.V5.Lib", "Tyuiu.HodakovaNA.Sprint1.Task5.V5.Lib\Tyuiu.HodakovaNA.Sprint1.Task5.V5.Lib.csproj", "{9FA6154D-3604-42A1-B3CC-4CCEACB94709}"
EndProject
Project("{FAE04EC0-301F-11D3-BF4B-00C04F79EFBC}") = "Tyuiu.HodakovaNA.Sprint1.Task5.V5.Test", "Tyuiu.HodakovaNA.Sprint1.Task5.V5.Test\Tyuiu.HodakovaNA.Sprint1.Task5.V5.Test.csproj", "{4DA8CA8F-A126-4D3B-8A30-ECF7B61B188B}"
EndProject
Project("{2150E333-8FDC-42A3-9474-1A3956D46DE8}") = "Task6", "Task6", "{DAF757C3-9ADB-4F26-8331-682F84FD7B28}"
EndProject
Project("{FAE04EC0-301F-11D3-BF4B-00C04F79EFBC}") = "Tyuiu.HodakovaNA.Sprint1.Task6.V14", "Tyuiu.HodakovaNA.Sprint1.Task6.V14\Tyuiu.HodakovaNA.Sprint1.Task6.V14.csproj", "{BBCCA3C6-324E-460B-A809-F8AEDD578CE8}"
EndProject
Project("{FAE04EC0-301F-11D3-BF4B-00C04F79EFBC}") = "Tyuiu.HodakovaNA.Sprint1.Task6.V14.Lib", "Tyuiu.HodakovaNA.Sprint1.Task6.V14.Lib\Tyuiu.HodakovaNA.Sprint1.Task6.V14.Lib.csproj", "{46E4A247-0F66-4BBD-987E-B9812845B3D5}"
EndProject
Project("{FAE04EC0-301F-11D3-BF4B-00C04F79EFBC}") = "Tyuiu.HodakovaNA.Sprint1.Task6.V14.Test", "Tyuiu.HodakovaNA.Sprint1.Task6.V14.Test\Tyuiu.HodakovaNA.Sprint1.Task6.V14.Test.csproj", "{D943151A-5150-43F4-88CF-8D9E7BDC5515}"
EndProject
Global
	GlobalSection(SolutionConfigurationPlatforms) = preSolution
		Debug|Any CPU = Debug|Any CPU
		Release|Any CPU = Release|Any CPU
	EndGlobalSection
	GlobalSection(ProjectConfigurationPlatforms) = postSolution
		{6342CA2F-9205-4DB5-908A-4396EF62B7AF}.Debug|Any CPU.ActiveCfg = Debug|Any CPU
		{6342CA2F-9205-4DB5-908A-4396EF62B7AF}.Debug|Any CPU.Build.0 = Debug|Any CPU
		{6342CA2F-9205-4DB5-908A-4396EF62B7AF}.Release|Any CPU.ActiveCfg = Release|Any CPU
		{6342CA2F-9205-4DB5-908A-4396EF62B7AF}.Release|Any CPU.Build.0 = Release|Any CPU
		{37490EAF-B614-4ED8-9762-00B22A2A7ACE}.Debug|Any CPU.ActiveCfg = Debug|Any CPU
		{37490EAF-B614-4ED8-9762-00B22A2A7ACE}.Debug|Any CPU.Build.0 = Debug|Any CPU
		{37490EAF-B614-4ED8-9762-00B22A2A7ACE}.Release|Any CPU.ActiveCfg = Release|Any CPU
		{37490EAF-B614-4ED8-9762-00B22A2A7ACE}.Release|Any CPU.Build.0 = Release|Any CPU
		{7783BC48-5E17-4D0A-A033-380E212C855F}.Debug|Any CPU.ActiveCfg = Debug|Any CPU
		{7783BC48-5E17-4D0A-A033-380E212C855F}.Debug|Any CPU.Build.0 = Debug|Any CPU
		{7783BC48-5E17-4D0A-A033-380E212C855F}.Release|Any CPU.ActiveCfg = Release|Any CPU
		{7783BC48-5E17-4D0A-A033-380E212C855F}.Release|Any CPU.Build.0 = Release|Any CPU
		{9570B37C-2C35-480A-97C8-D801F4431747}.Debug|Any CPU.ActiveCfg = Debug|Any CPU
		{9570B37C-2C35-480A-97C8-D801F4431747}.Debug|Any CPU.Build.0 = Debug|Any CPU
		{9570B37C-2C35-480A-97C8-D801F4431747}.Release|Any CPU.ActiveCfg = Release|Any CPU
		{9570B37C-2C35-480A-97C8-D801F4431747}.Release|Any CPU.Build.0 = Release|Any CPU
		{830C6A10-699B-4C2C-85AF-38FF60A88E5B}.Debug|Any CPU.ActiveCfg = Debug|Any CPU
		{830C6A10-699B-4C2C-85AF-38FF60A88E5B}.Debug|Any CPU.Build.0 = Debug|Any CPU
		{830C6A10-699B-4C2C-85AF-38FF60A88E5B}.Release|Any CPU.ActiveCfg = Release|Any CPU
		{830C6A10-699B-4C2C-85AF-38FF60A88E5B}.Release|Any CPU.Build.0 = Release|Any CPU
		{641FD0E3-24D2-49E6-9BFE-08EB393111F2}.Debug|Any CPU.ActiveCfg = Debug|Any CPU
		{641FD0E3-24D2-49E6-9BFE-08EB393111F2}.Debug|Any CPU.Build.0 = Debug|Any CPU
		{641FD0E3-24D2-49E6-9BFE-08EB393111F2}.Release|Any CPU.ActiveCfg = Release|Any CPU
		{641FD0E3-24D2-49E6-9BFE-08EB393111F2}.Release|Any CPU.Build.0 = Release|Any CPU
		{9999E05B-22E4-4BA1-8690-E9EA3DB66624}.Debug|Any CPU.ActiveCfg = Debug|Any CPU
		{9999E05B-22E4-4BA1-8690-E9EA3DB66624}.Debug|Any CPU.Build.0 = Debug|Any CPU
		{9999E05B-22E4-4BA1-8690-E9EA3DB66624}.Release|Any CPU.ActiveCfg = Release|Any CPU
		{9999E05B-22E4-4BA1-8690-E9EA3DB66624}.Release|Any CPU.Build.0 = Release|Any CPU
		{D68B8028-D09F-40F1-9483-B6BEE49D85AD}.Debug|Any CPU.ActiveCfg = Debug|Any CPU
		{D68B8028-D09F-40F1-9483-B6BEE49D85AD}.Debug|Any CPU.Build.0 = Debug|Any CPU
		{D68B8028-D09F-40F1-9483-B6BEE49D85AD}.Release|Any CPU.ActiveCfg = Release|Any CPU
		{D68B8028-D09F-40F1-9483-B6BEE49D85AD}.Release|Any CPU.Build.0 = Release|Any CPU
		{8B604443-E026-4FD7-8843-23DFF04E7CD9}.Debug|Any CPU.ActiveCfg = Debug|Any CPU
		{8B604443-E026-4FD7-8843-23DFF04E7CD9}.Debug|Any CPU.Build.0 = Debug|Any CPU
		{8B604443-E026-4FD7-8843-23DFF04E7CD9}.Release|Any CPU.ActiveCfg = Release|Any CPU
		{8B604443-E026-4FD7-8843-23DFF04E7CD9}.Release|Any CPU.Build.0 = Release|Any CPU
		{834C39BC-E931-40F5-9A2C-6C58FEC44C26}.Debug|Any CPU.ActiveCfg = Debug|Any CPU
		{834C39BC-E931-40F5-9A2C-6C58FEC44C26}.Debug|Any CPU.Build.0 = Debug|Any CPU
		{834C39BC-E931-40F5-9A2C-6C58FEC44C26}.Release|Any CPU.ActiveCfg = Release|Any CPU
		{834C39BC-E931-40F5-9A2C-6C58FEC44C26}.Release|Any CPU.Build.0 = Release|Any CPU
		{3959D78E-99BA-493F-9CED-DD7F8F8AAD7B}.Debug|Any CPU.ActiveCfg = Debug|Any CPU
		{3959D78E-99BA-493F-9CED-DD7F8F8AAD7B}.Debug|Any CPU.Build.0 = Debug|Any CPU
		{3959D78E-99BA-493F-9CED-DD7F8F8AAD7B}.Release|Any CPU.ActiveCfg = Release|Any CPU
		{3959D78E-99BA-493F-9CED-DD7F8F8AAD7B}.Release|Any CPU.Build.0 = Release|Any CPU
		{E4001C87-207F-4225-9E93-9780E7F434CE}.Debug|Any CPU.ActiveCfg = Debug|Any CPU
		{E4001C87-207F-4225-9E93-9780E7F434CE}.Debug|Any CPU.Build.0 = Debug|Any CPU
		{E4001C87-207F-4225-9E93-9780E7F434CE}.Release|Any CPU.ActiveCfg = Release|Any CPU
		{E4001C87-207F-4225-9E93-9780E7F434CE}.Release|Any CPU.Build.0 = Release|Any CPU
		{1068D665-DA75-4563-876B-54A57FAC80F6}.Debug|Any CPU.ActiveCfg = Debug|Any CPU
		{1068D665-DA75-4563-876B-54A57FAC80F6}.Debug|Any CPU.Build.0 = Debug|Any CPU
		{1068D665-DA75-4563-876B-54A57FAC80F6}.Release|Any CPU.ActiveCfg = Release|Any CPU
		{1068D665-DA75-4563-876B-54A57FAC80F6}.Release|Any CPU.Build.0 = Release|Any CPU
		{B9E7DF95-FDB2-46E0-ACEA-3BCE11DD51FC}.Debug|Any CPU.ActiveCfg = Debug|Any CPU
		{B9E7DF95-FDB2-46E0-ACEA-3BCE11DD51FC}.Debug|Any CPU.Build.0 = Debug|Any CPU
		{B9E7DF95-FDB2-46E0-ACEA-3BCE11DD51FC}.Release|Any CPU.ActiveCfg = Release|Any CPU
		{B9E7DF95-FDB2-46E0-ACEA-3BCE11DD51FC}.Release|Any CPU.Build.0 = Release|Any CPU
		{DA4EAA92-FEEA-4B72-922F-4379F83EB426}.Debug|Any CPU.ActiveCfg = Debug|Any CPU
		{DA4EAA92-FEEA-4B72-922F-4379F83EB426}.Debug|Any CPU.Build.0 = Debug|Any CPU
		{DA4EAA92-FEEA-4B72-922F-4379F83EB426}.Release|Any CPU.ActiveCfg = Release|Any CPU
		{DA4EAA92-FEEA-4B72-922F-4379F83EB426}.Release|Any CPU.Build.0 = Release|Any CPU
		{2B7E0F79-9556-4505-AF99-D72F26C49D9D}.Debug|Any CPU.ActiveCfg = Debug|Any CPU
		{2B7E0F79-9556-4505-AF99-D72F26C49D9D}.Debug|Any CPU.Build.0 = Debug|Any CPU
		{2B7E0F79-9556-4505-AF99-D72F26C49D9D}.Release|Any CPU.ActiveCfg = Release|Any CPU
		{2B7E0F79-9556-4505-AF99-D72F26C49D9D}.Release|Any CPU.Build.0 = Release|Any CPU
		{9FA6154D-3604-42A1-B3CC-4CCEACB94709}.Debug|Any CPU.ActiveCfg = Debug|Any CPU
		{9FA6154D-3604-42A1-B3CC-4CCEACB94709}.Debug|Any CPU.Build.0 = Debug|Any CPU
		{9FA6154D-3604-42A1-B3CC-4CCEACB94709}.Release|Any CPU.ActiveCfg = Release|Any CPU
		{9FA6154D-3604-42A1-B3CC-4CCEACB94709}.Release|Any CPU.Build.0 = Release|Any CPU
		{4DA8CA8F-A126-4D3B-8A30-ECF7B61B188B}.Debug|Any CPU.ActiveCfg = Debug|Any CPU
		{4DA8CA8F-A126-4D3B-8A30-ECF7B61B188B}.Debug|Any CPU.Build.0 = Debug|Any CPU
		{4DA8CA8F-A126-4D3B-8A30-ECF7B61B188B}.Release|Any CPU.ActiveCfg = Release|Any CPU
		{4DA8CA8F-A126-4D3B-8A30-ECF7B61B188B}.Release|Any CPU.Build.0 = Release|Any CPU
		{BBCCA3C6-324E-460B-A809-F8AEDD578CE8}.Debug|Any CPU.ActiveCfg = Debug|Any CPU
		{BBCCA3C6-324E-460B-A809-F8AEDD578CE8}.Debug|Any CPU.Build.0 = Debug|Any CPU
		{BBCCA3C6-324E-460B-A809-F8AEDD578CE8}.Release|Any CPU.ActiveCfg = Release|Any CPU
		{BBCCA3C6-324E-460B-A809-F8AEDD578CE8}.Release|Any CPU.Build.0 = Release|Any CPU
		{46E4A247-0F66-4BBD-987E-B9812845B3D5}.Debug|Any CPU.ActiveCfg = Debug|Any CPU
		{46E4A247-0F66-4BBD-987E-B9812845B3D5}.Debug|Any CPU.Build.0 = Debug|Any CPU
		{46E4A247-0F66-4BBD-987E-B9812845B3D5}.Release|Any CPU.ActiveCfg = Release|Any CPU
		{46E4A247-0F66-4BBD-987E-B9812845B3D5}.Release|Any CPU.Build.0 = Release|Any CPU
		{D943151A-5150-43F4-88CF-8D9E7BDC5515}.Debug|Any CPU.ActiveCfg = Debug|Any CPU
		{D943151A-5150-43F4-88CF-8D9E7BDC5515}.Debug|Any CPU.Build.0 = Debug|Any CPU
		{D943151A-5150-43F4-88CF-8D9E7BDC5515}.Release|Any CPU.ActiveCfg = Release|Any CPU
		{D943151A-5150-43F4-88CF-8D9E7BDC5515}.Release|Any CPU.Build.0 = Release|Any CPU
	EndGlobalSection
	GlobalSection(SolutionProperties) = preSolution
		HideSolutionNode = FALSE
	EndGlobalSection
	GlobalSection(NestedProjects) = preSolution
		{6342CA2F-9205-4DB5-908A-4396EF62B7AF} = {4EF5D1F6-7F30-4C96-BD58-6A96C4046D09}
		{37490EAF-B614-4ED8-9762-00B22A2A7ACE} = {4EF5D1F6-7F30-4C96-BD58-6A96C4046D09}
		{7783BC48-5E17-4D0A-A033-380E212C855F} = {4EF5D1F6-7F30-4C96-BD58-6A96C4046D09}
		{9570B37C-2C35-480A-97C8-D801F4431747} = {2D47556B-A9FD-4400-9FE7-38EAE032FE64}
		{830C6A10-699B-4C2C-85AF-38FF60A88E5B} = {2D47556B-A9FD-4400-9FE7-38EAE032FE64}
		{641FD0E3-24D2-49E6-9BFE-08EB393111F2} = {2D47556B-A9FD-4400-9FE7-38EAE032FE64}
		{9999E05B-22E4-4BA1-8690-E9EA3DB66624} = {3DFE612E-82F6-4A4D-B3A3-B3E0EAC2E7DC}
		{D68B8028-D09F-40F1-9483-B6BEE49D85AD} = {3DFE612E-82F6-4A4D-B3A3-B3E0EAC2E7DC}
		{8B604443-E026-4FD7-8843-23DFF04E7CD9} = {3DFE612E-82F6-4A4D-B3A3-B3E0EAC2E7DC}
		{834C39BC-E931-40F5-9A2C-6C58FEC44C26} = {9A1327E7-6EA4-4DC5-A9AE-A911C6DC78DD}
		{3959D78E-99BA-493F-9CED-DD7F8F8AAD7B} = {9A1327E7-6EA4-4DC5-A9AE-A911C6DC78DD}
		{E4001C87-207F-4225-9E93-9780E7F434CE} = {9A1327E7-6EA4-4DC5-A9AE-A911C6DC78DD}
		{1068D665-DA75-4563-876B-54A57FAC80F6} = {5D12A3E3-88FB-4576-B4A4-945C773651A7}
		{B9E7DF95-FDB2-46E0-ACEA-3BCE11DD51FC} = {5D12A3E3-88FB-4576-B4A4-945C773651A7}
		{DA4EAA92-FEEA-4B72-922F-4379F83EB426} = {5D12A3E3-88FB-4576-B4A4-945C773651A7}
		{2B7E0F79-9556-4505-AF99-D72F26C49D9D} = {12ADF1B0-385E-493E-8209-155F1132F409}
		{9FA6154D-3604-42A1-B3CC-4CCEACB94709} = {12ADF1B0-385E-493E-8209-155F1132F409}
		{4DA8CA8F-A126-4D3B-8A30-ECF7B61B188B} = {12ADF1B0-385E-493E-8209-155F1132F409}
		{BBCCA3C6-324E-460B-A809-F8AEDD578CE8} = {DAF757C3-9ADB-4F26-8331-682F84FD7B28}
		{46E4A247-0F66-4BBD-987E-B9812845B3D5} = {DAF757C3-9ADB-4F26-8331-682F84FD7B28}
		{D943151A-5150-43F4-88CF-8D9E7BDC5515} = {DAF757C3-9ADB-4F26-8331-682F84FD7B28}
	EndGlobalSection
	GlobalSection(ExtensibilityGlobals) = postSolution
		SolutionGuid = {657ABA8B-DEE2-4854-8639-E040F4ED0CA0}
	EndGlobalSection
EndGlobal
