
Microsoft Visual Studio Solution File, Format Version 12.00
# Visual Studio Version 16
VisualStudioVersion = 16.0.33927.289
MinimumVisualStudioVersion = 10.0.40219.1
Project("{2150E333-8FDC-42A3-9474-1A3956D46DE8}") = "Task0", "Task0", "{4EF5D1F6-7F30-4C96-BD58-6A96C4046D09}"
EndProject
Project("{FAE04EC0-301F-11D3-BF4B-00C04F79EFBC}") = "Tyuiu.HodakovaNA.Sprint1.Task0.V17", "Tyuiu.HodakovaNA.Sprint1.Task0.V17\Tyuiu.HodakovaNA.Sprint1.Task0.V17.csproj", "{6342CA2F-9205-4DB5-908A-4396EF62B7AF}"
EndProject
Project("{FAE04EC0-301F-11D3-BF4B-00C04F79EFBC}") = "Tyuiu.HodakovaNA.Sprint1.Task0.V17.Lib", "Tyuiu.HodakovaNA.Sprint1.Task0.V17.Lib\Tyuiu.HodakovaNA.Sprint1.Task0.V17.Lib.csproj", "{37490EAF-B614-4ED8-9762-00B22A2A7ACE}"
EndProject
Project("{FAE04EC0-301F-11D3-BF4B-00C04F79EFBC}") = "Tyuiu.HodakovaNA.Sprint1.Task0.V17.Test", "Tyuiu.HodakovaNA.Sprint1.Task0.V17.Test\Tyuiu.HodakovaNA.Sprint1.Task0.V17.Test.csproj", "{7783BC48-5E17-4D0A-A033-380E212C855F}"
EndProject
Project("{2150E333-8FDC-42A3-9474-1A3956D46DE8}") = "Task1", "Task1", "{1052FDFC-C724-4367-92FA-A4485F0D8E9F}"
EndProject
Project("{FAE04EC0-301F-11D3-BF4B-00C04F79EFBC}") = "Tyuiu.HodakovaNA.Sprint1.Task1.V", "Tyuiu.HodakovaNA.Sprint1.Task2.V\Tyuiu.HodakovaNA.Sprint1.Task1.V.csproj", "{C2760E13-232D-4307-AA28-FDE016817E0F}"
EndProject
Project("{FAE04EC0-301F-11D3-BF4B-00C04F79EFBC}") = "Tyuiu.HodakovaNA.Sprint1.Task1.V.Lib", "Tyuiu.HodakovaNA.Sprint1.Task1.V.Lib\Tyuiu.HodakovaNA.Sprint1.Task1.V.Lib.csproj", "{239335A1-C358-4ED8-A72F-6DC0ED7644B5}"
EndProject
Project("{FAE04EC0-301F-11D3-BF4B-00C04F79EFBC}") = "Tyuiu.HodakovaNA.Sprint1.Task1.V.Test", "Tyuiu.HodakovaNA.Sprint1.Task1.V.Test\Tyuiu.HodakovaNA.Sprint1.Task1.V.Test.csproj", "{6023AF42-3647-4C11-B9F4-1F237B86FE2E}"
EndProject
Global
	GlobalSection(SolutionConfigurationPlatforms) = preSolution
		Debug|Any CPU = Debug|Any CPU
		Release|Any CPU = Release|Any CPU
	EndGlobalSection
	GlobalSection(ProjectConfigurationPlatforms) = postSolution
		{6342CA2F-9205-4DB5-908A-4396EF62B7AF}.Debug|Any CPU.ActiveCfg = Debug|Any CPU
		{6342CA2F-9205-4DB5-908A-4396EF62B7AF}.Debug|Any CPU.Build.0 = Debug|Any CPU
		{6342CA2F-9205-4DB5-908A-4396EF62B7AF}.Release|Any CPU.ActiveCfg = Release|Any CPU
		{6342CA2F-9205-4DB5-908A-4396EF62B7AF}.Release|Any CPU.Build.0 = Release|Any CPU
		{37490EAF-B614-4ED8-9762-00B22A2A7ACE}.Debug|Any CPU.ActiveCfg = Debug|Any CPU
		{37490EAF-B614-4ED8-9762-00B22A2A7ACE}.Debug|Any CPU.Build.0 = Debug|Any CPU
		{37490EAF-B614-4ED8-9762-00B22A2A7ACE}.Release|Any CPU.ActiveCfg = Release|Any CPU
		{37490EAF-B614-4ED8-9762-00B22A2A7ACE}.Release|Any CPU.Build.0 = Release|Any CPU
		{7783BC48-5E17-4D0A-A033-380E212C855F}.Debug|Any CPU.ActiveCfg = Debug|Any CPU
		{7783BC48-5E17-4D0A-A033-380E212C855F}.Debug|Any CPU.Build.0 = Debug|Any CPU
		{7783BC48-5E17-4D0A-A033-380E212C855F}.Release|Any CPU.ActiveCfg = Release|Any CPU
		{7783BC48-5E17-4D0A-A033-380E212C855F}.Release|Any CPU.Build.0 = Release|Any CPU
		{C2760E13-232D-4307-AA28-FDE016817E0F}.Debug|Any CPU.ActiveCfg = Debug|Any CPU
		{C2760E13-232D-4307-AA28-FDE016817E0F}.Debug|Any CPU.Build.0 = Debug|Any CPU
		{C2760E13-232D-4307-AA28-FDE016817E0F}.Release|Any CPU.ActiveCfg = Release|Any CPU
		{C2760E13-232D-4307-AA28-FDE016817E0F}.Release|Any CPU.Build.0 = Release|Any CPU
		{239335A1-C358-4ED8-A72F-6DC0ED7644B5}.Debug|Any CPU.ActiveCfg = Debug|Any CPU
		{239335A1-C358-4ED8-A72F-6DC0ED7644B5}.Debug|Any CPU.Build.0 = Debug|Any CPU
		{239335A1-C358-4ED8-A72F-6DC0ED7644B5}.Release|Any CPU.ActiveCfg = Release|Any CPU
		{239335A1-C358-4ED8-A72F-6DC0ED7644B5}.Release|Any CPU.Build.0 = Release|Any CPU
		{6023AF42-3647-4C11-B9F4-1F237B86FE2E}.Debug|Any CPU.ActiveCfg = Debug|Any CPU
		{6023AF42-3647-4C11-B9F4-1F237B86FE2E}.Debug|Any CPU.Build.0 = Debug|Any CPU
		{6023AF42-3647-4C11-B9F4-1F237B86FE2E}.Release|Any CPU.ActiveCfg = Release|Any CPU
		{6023AF42-3647-4C11-B9F4-1F237B86FE2E}.Release|Any CPU.Build.0 = Release|Any CPU
	EndGlobalSection
	GlobalSection(SolutionProperties) = preSolution
		HideSolutionNode = FALSE
	EndGlobalSection
	GlobalSection(NestedProjects) = preSolution
		{6342CA2F-9205-4DB5-908A-4396EF62B7AF} = {4EF5D1F6-7F30-4C96-BD58-6A96C4046D09}
		{37490EAF-B614-4ED8-9762-00B22A2A7ACE} = {4EF5D1F6-7F30-4C96-BD58-6A96C4046D09}
		{7783BC48-5E17-4D0A-A033-380E212C855F} = {4EF5D1F6-7F30-4C96-BD58-6A96C4046D09}
		{C2760E13-232D-4307-AA28-FDE016817E0F} = {1052FDFC-C724-4367-92FA-A4485F0D8E9F}
		{239335A1-C358-4ED8-A72F-6DC0ED7644B5} = {1052FDFC-C724-4367-92FA-A4485F0D8E9F}
		{6023AF42-3647-4C11-B9F4-1F237B86FE2E} = {1052FDFC-C724-4367-92FA-A4485F0D8E9F}
	EndGlobalSection
	GlobalSection(ExtensibilityGlobals) = postSolution
		SolutionGuid = {657ABA8B-DEE2-4854-8639-E040F4ED0CA0}
	EndGlobalSection
EndGlobal
